{
  "name": "npm-scoped-override",
  "lockfileVersion": 3,
  "packages": {
    "": { "dependencies": { "express": "^4.18.2" } },
    "node_modules/express": {
      "version": "4.18.2",
      "dependencies": { "body-parser": "1.20.1" }
    },
    "node_modules/body-parser": {
      "version": "1.20.1",
      "dependencies": { "qs": "6.5.0" }
    },
    "node_modules/qs": { "version": "6.5.0" }
  }
}
