__metadata:
  version: 8
  cacheKey: 8c0

"body-parser@npm:1.20.1":
  version: 1.20.1
  resolution: "body-parser@npm:1.20.1"
  dependencies:
    qs: "npm:6.5.0"

"express@npm:^4.18.2":
  version: 4.18.2
  resolution: "express@npm:4.18.2"
  dependencies:
    body-parser: "npm:1.20.1"
    qs: "npm:6.5.0"

"qs@npm:6.5.0":
  version: 6.5.0
  resolution: "qs@npm:6.5.0"
