{
  "name": "npm-mixed",
  "lockfileVersion": 3,
  "requires": true,
  "packages": {
    "": {
      "name": "npm-mixed",
      "dependencies": {
        "express": "^4.18.2",
        "lodash": "4.17.21",
        "semver": "7.5.1",
        "ws": "8.5.0",
        "tar": "6.2.1",
        "minimist": "1.2.5"
      },
      "devDependencies": {
        "eslint": "8.57.0"
      }
    },
    "node_modules/eslint": {
      "version": "8.57.0",
      "dev": true,
      "dependencies": {
        "picomatch": "4.0.2"
      }
    },
    "node_modules/picomatch": {
      "version": "4.0.2",
      "dev": true
    },
    "node_modules/express": {
      "version": "4.18.2",
      "dependencies": {
        "body-parser": "1.20.1",
        "qs": "6.5.0"
      }
    },
    "node_modules/body-parser": {
      "version": "1.20.1",
      "dependencies": {
        "qs": "6.5.0"
      }
    },
    "node_modules/qs": {
      "version": "6.5.0"
    },
    "node_modules/lodash": {
      "version": "4.17.21"
    },
    "node_modules/semver": {
      "version": "7.5.1"
    },
    "node_modules/ws": {
      "version": "8.5.0"
    },
    "node_modules/tar": {
      "version": "6.2.1"
    },
    "node_modules/minimist": {
      "version": "1.2.5"
    }
  }
}
